
Microsoft Visual Studio Solution File, Format Version 12.00
# Visual Studio Version 17
VisualStudioVersion = 17.4.33205.214
MinimumVisualStudioVersion = 10.0.40219.1
Project("{FAE04EC0-301F-11D3-BF4B-00C04F79EFBC}") = "Backend", "Backend\Backend.csproj", "{AE95BA12-A77B-4E05-BB40-33EC90DF513E}"
EndProject
Global
	GlobalSection(SolutionConfigurationPlatforms) = preSolution
		Debug|Any CPU = Debug|Any CPU
		Release|Any CPU = Release|Any CPU
	EndGlobalSection
	GlobalSection(ProjectConfigurationPlatforms) = postSolution
		{AE95BA12-A77B-4E05-BB40-33EC90DF513E}.Debug|Any CPU.ActiveCfg = Debug|Any CPU
		{AE95BA12-A77B-4E05-BB40-33EC90DF513E}.Debug|Any CPU.Build.0 = Debug|Any CPU
		{AE95BA12-A77B-4E05-BB40-33EC90DF513E}.Release|Any CPU.ActiveCfg = Release|Any CPU
		{AE95BA12-A77B-4E05-BB40-33EC90DF513E}.Release|Any CPU.Build.0 = Release|Any CPU
	EndGlobalSection
	GlobalSection(SolutionProperties) = preSolution
		HideSolutionNode = FALSE
	EndGlobalSection
	GlobalSection(ExtensibilityGlobals) = postSolution
		SolutionGuid = {1B5C2612-2E5B-44D4-9E04-CB8757AF6B53}
	EndGlobalSection
EndGlobal
